
Microsoft Visual Studio Solution File, Format Version 12.00
# Visual Studio 15
VisualStudioVersion = 15.0.26730.8
MinimumVisualStudioVersion = 10.0.40219.1
Project("{9A19103F-16F7-4668-BE54-9A1E7A4F7556}") = "Spk.Common.Helpers", "Spk.Common.Helpers.csproj", "{A5188626-941A-45CE-A9E3-5722CF77CD22}"
EndProject
Project("{9A19103F-16F7-4668-BE54-9A1E7A4F7556}") = "Spk.Common.Validators", "..\Spk.Common.Validators\Spk.Common.Validators.csproj", "{206AB134-895C-4C36-90E5-DECDA32C0673}"
EndProject
Project("{9A19103F-16F7-4668-BE54-9A1E7A4F7556}") = "Spk.Common.Tests.Helpers", "..\..\test\Spk.Common.Tests.Helpers\Spk.Common.Tests.Helpers.csproj", "{195A88D9-6AD6-4EE1-8D80-523B7120AB02}"
EndProject
Project("{9A19103F-16F7-4668-BE54-9A1E7A4F7556}") = "Spk.Common.Tests.Validators", "..\..\test\Spk.Common.Tests.Validators\Spk.Common.Tests.Validators.csproj", "{DA4106F1-572D-4FCB-BF9B-97178A898486}"
EndProject
Project("{2150E333-8FDC-42A3-9474-1A3956D46DE8}") = "test", "test", "{D0ADEB7F-FB2C-4C89-8828-A0E839158031}"
EndProject
Global
	GlobalSection(SolutionConfigurationPlatforms) = preSolution
		Debug|Any CPU = Debug|Any CPU
		Release|Any CPU = Release|Any CPU
	EndGlobalSection
	GlobalSection(ProjectConfigurationPlatforms) = postSolution
		{A5188626-941A-45CE-A9E3-5722CF77CD22}.Debug|Any CPU.ActiveCfg = Debug|Any CPU
		{A5188626-941A-45CE-A9E3-5722CF77CD22}.Debug|Any CPU.Build.0 = Debug|Any CPU
		{A5188626-941A-45CE-A9E3-5722CF77CD22}.Release|Any CPU.ActiveCfg = Release|Any CPU
		{A5188626-941A-45CE-A9E3-5722CF77CD22}.Release|Any CPU.Build.0 = Release|Any CPU
		{206AB134-895C-4C36-90E5-DECDA32C0673}.Debug|Any CPU.ActiveCfg = Debug|Any CPU
		{206AB134-895C-4C36-90E5-DECDA32C0673}.Debug|Any CPU.Build.0 = Debug|Any CPU
		{206AB134-895C-4C36-90E5-DECDA32C0673}.Release|Any CPU.ActiveCfg = Release|Any CPU
		{206AB134-895C-4C36-90E5-DECDA32C0673}.Release|Any CPU.Build.0 = Release|Any CPU
		{195A88D9-6AD6-4EE1-8D80-523B7120AB02}.Debug|Any CPU.ActiveCfg = Debug|Any CPU
		{195A88D9-6AD6-4EE1-8D80-523B7120AB02}.Debug|Any CPU.Build.0 = Debug|Any CPU
		{195A88D9-6AD6-4EE1-8D80-523B7120AB02}.Release|Any CPU.ActiveCfg = Release|Any CPU
		{195A88D9-6AD6-4EE1-8D80-523B7120AB02}.Release|Any CPU.Build.0 = Release|Any CPU
		{DA4106F1-572D-4FCB-BF9B-97178A898486}.Debug|Any CPU.ActiveCfg = Debug|Any CPU
		{DA4106F1-572D-4FCB-BF9B-97178A898486}.Debug|Any CPU.Build.0 = Debug|Any CPU
		{DA4106F1-572D-4FCB-BF9B-97178A898486}.Release|Any CPU.ActiveCfg = Release|Any CPU
		{DA4106F1-572D-4FCB-BF9B-97178A898486}.Release|Any CPU.Build.0 = Release|Any CPU
	EndGlobalSection
	GlobalSection(SolutionProperties) = preSolution
		HideSolutionNode = FALSE
	EndGlobalSection
	GlobalSection(NestedProjects) = preSolution
		{195A88D9-6AD6-4EE1-8D80-523B7120AB02} = {D0ADEB7F-FB2C-4C89-8828-A0E839158031}
		{DA4106F1-572D-4FCB-BF9B-97178A898486} = {D0ADEB7F-FB2C-4C89-8828-A0E839158031}
	EndGlobalSection
	GlobalSection(ExtensibilityGlobals) = postSolution
		SolutionGuid = {D303A8AD-46B3-41D1-A5F3-55BC71E32CBD}
	EndGlobalSection
EndGlobal
