
Microsoft Visual Studio Solution File, Format Version 12.00
# Visual Studio 15
VisualStudioVersion = 15.0.26730.8
MinimumVisualStudioVersion = 10.0.40219.1
Project("{9A19103F-16F7-4668-BE54-9A1E7A4F7556}") = "Spk.Common.Helpers", "Spk.Common.Helpers\Spk.Common.Helpers.csproj", "{361FC9A0-70C9-40A4-BD0E-FFC2286085EC}"
EndProject
Project("{9A19103F-16F7-4668-BE54-9A1E7A4F7556}") = "Spk.Common.Validators", "Spk.Common.Validators\Spk.Common.Validators.csproj", "{08AC3A3F-4CE4-4E70-95E2-4412B01B93E5}"
EndProject
Project("{2150E333-8FDC-42A3-9474-1A3956D46DE8}") = "test", "test", "{8D4155F3-D442-4D9D-AA51-A600AF6E5C40}"
EndProject
Project("{2150E333-8FDC-42A3-9474-1A3956D46DE8}") = "src", "src", "{354A7D2B-5951-4ED8-A87B-2FC65D72092C}"
EndProject
Project("{2150E333-8FDC-42A3-9474-1A3956D46DE8}") = "Solution Items", "Solution Items", "{188F19CA-ABC5-4C8F-BEC2-FAA95D5EB245}"
	ProjectSection(SolutionItems) = preProject
		..\.gitignore = ..\.gitignore
		..\appveyor.yml = ..\appveyor.yml
		..\LICENSE = ..\LICENSE
	EndProjectSection
EndProject
Project("{9A19103F-16F7-4668-BE54-9A1E7A4F7556}") = "Spk.Common.Tests.Helpers", "..\test\Spk.Common.Tests.Helpers\Spk.Common.Tests.Helpers.csproj", "{6EF5EF74-6FF5-4359-9275-87E3EBEDCB9A}"
EndProject
Project("{9A19103F-16F7-4668-BE54-9A1E7A4F7556}") = "Spk.Common.Tests.Validators", "..\test\Spk.Common.Tests.Validators\Spk.Common.Tests.Validators.csproj", "{A2627A78-E958-4137-9D66-DC90415A2397}"
EndProject
Global
	GlobalSection(SolutionConfigurationPlatforms) = preSolution
		Debug|Any CPU = Debug|Any CPU
		Release|Any CPU = Release|Any CPU
	EndGlobalSection
	GlobalSection(ProjectConfigurationPlatforms) = postSolution
		{361FC9A0-70C9-40A4-BD0E-FFC2286085EC}.Debug|Any CPU.ActiveCfg = Debug|Any CPU
		{361FC9A0-70C9-40A4-BD0E-FFC2286085EC}.Debug|Any CPU.Build.0 = Debug|Any CPU
		{361FC9A0-70C9-40A4-BD0E-FFC2286085EC}.Release|Any CPU.ActiveCfg = Release|Any CPU
		{361FC9A0-70C9-40A4-BD0E-FFC2286085EC}.Release|Any CPU.Build.0 = Release|Any CPU
		{08AC3A3F-4CE4-4E70-95E2-4412B01B93E5}.Debug|Any CPU.ActiveCfg = Debug|Any CPU
		{08AC3A3F-4CE4-4E70-95E2-4412B01B93E5}.Debug|Any CPU.Build.0 = Debug|Any CPU
		{08AC3A3F-4CE4-4E70-95E2-4412B01B93E5}.Release|Any CPU.ActiveCfg = Release|Any CPU
		{08AC3A3F-4CE4-4E70-95E2-4412B01B93E5}.Release|Any CPU.Build.0 = Release|Any CPU
		{6EF5EF74-6FF5-4359-9275-87E3EBEDCB9A}.Debug|Any CPU.ActiveCfg = Debug|Any CPU
		{6EF5EF74-6FF5-4359-9275-87E3EBEDCB9A}.Debug|Any CPU.Build.0 = Debug|Any CPU
		{6EF5EF74-6FF5-4359-9275-87E3EBEDCB9A}.Release|Any CPU.ActiveCfg = Release|Any CPU
		{6EF5EF74-6FF5-4359-9275-87E3EBEDCB9A}.Release|Any CPU.Build.0 = Release|Any CPU
		{A2627A78-E958-4137-9D66-DC90415A2397}.Debug|Any CPU.ActiveCfg = Debug|Any CPU
		{A2627A78-E958-4137-9D66-DC90415A2397}.Debug|Any CPU.Build.0 = Debug|Any CPU
		{A2627A78-E958-4137-9D66-DC90415A2397}.Release|Any CPU.ActiveCfg = Release|Any CPU
		{A2627A78-E958-4137-9D66-DC90415A2397}.Release|Any CPU.Build.0 = Release|Any CPU
	EndGlobalSection
	GlobalSection(SolutionProperties) = preSolution
		HideSolutionNode = FALSE
	EndGlobalSection
	GlobalSection(NestedProjects) = preSolution
		{361FC9A0-70C9-40A4-BD0E-FFC2286085EC} = {354A7D2B-5951-4ED8-A87B-2FC65D72092C}
		{08AC3A3F-4CE4-4E70-95E2-4412B01B93E5} = {354A7D2B-5951-4ED8-A87B-2FC65D72092C}
		{6EF5EF74-6FF5-4359-9275-87E3EBEDCB9A} = {8D4155F3-D442-4D9D-AA51-A600AF6E5C40}
		{A2627A78-E958-4137-9D66-DC90415A2397} = {8D4155F3-D442-4D9D-AA51-A600AF6E5C40}
	EndGlobalSection
	GlobalSection(ExtensibilityGlobals) = postSolution
		SolutionGuid = {2029332C-C6D7-4771-B403-A6E96843640E}
	EndGlobalSection
EndGlobal
